
Microsoft Visual Studio Solution File, Format Version 12.00
# Visual Studio Version 17
VisualStudioVersion = 17.4.33205.214
MinimumVisualStudioVersion = 10.0.40219.1
Project("{9A19103F-16F7-4668-BE54-9A1E7A4F7556}") = "HEF.Extensions.OpenTelemetry.Hosting", "src\HEF.Extensions.OpenTelemetry.Hosting\HEF.Extensions.OpenTelemetry.Hosting.csproj", "{EA41639D-E022-4C43-862D-ACE98B12E0F8}"
EndProject
Project("{FAE04EC0-301F-11D3-BF4B-00C04F79EFBC}") = "HEF.Extensions.OpenTelemetry.Exporter.OpenTelemetryProtocol", "src\HEF.Extensions.OpenTelemetry.Exporter.OpenTelemetryProtocol\HEF.Extensions.OpenTelemetry.Exporter.OpenTelemetryProtocol.csproj", "{BB7BD897-1891-4E12-8F21-DF8F6748D57E}"
EndProject
Global
	GlobalSection(SolutionConfigurationPlatforms) = preSolution
		Debug|Any CPU = Debug|Any CPU
		Release|Any CPU = Release|Any CPU
	EndGlobalSection
	GlobalSection(ProjectConfigurationPlatforms) = postSolution
		{EA41639D-E022-4C43-862D-ACE98B12E0F8}.Debug|Any CPU.ActiveCfg = Debug|Any CPU
		{EA41639D-E022-4C43-862D-ACE98B12E0F8}.Debug|Any CPU.Build.0 = Debug|Any CPU
		{EA41639D-E022-4C43-862D-ACE98B12E0F8}.Release|Any CPU.ActiveCfg = Release|Any CPU
		{EA41639D-E022-4C43-862D-ACE98B12E0F8}.Release|Any CPU.Build.0 = Release|Any CPU
		{BB7BD897-1891-4E12-8F21-DF8F6748D57E}.Debug|Any CPU.ActiveCfg = Debug|Any CPU
		{BB7BD897-1891-4E12-8F21-DF8F6748D57E}.Debug|Any CPU.Build.0 = Debug|Any CPU
		{BB7BD897-1891-4E12-8F21-DF8F6748D57E}.Release|Any CPU.ActiveCfg = Release|Any CPU
		{BB7BD897-1891-4E12-8F21-DF8F6748D57E}.Release|Any CPU.Build.0 = Release|Any CPU
	EndGlobalSection
	GlobalSection(SolutionProperties) = preSolution
		HideSolutionNode = FALSE
	EndGlobalSection
	GlobalSection(ExtensibilityGlobals) = postSolution
		SolutionGuid = {AF814C05-E2F8-4C94-8271-064E4B6DF2AA}
	EndGlobalSection
EndGlobal
